// !$*UTF8*$!
{
	archiveVersion = 1;
	classes = {
	};
	objectVersion = 50;
	objects = {

/* Begin PBXBuildFile section */
		ED2557F325E81E9D0049E1C5 /* NetworkUtils.swift in Sources */ = {isa = PBXBuildFile; fileRef = ED2557F225E81E9D0049E1C5 /* NetworkUtils.swift */; };
		ED66AECF25E7C05200F1E3EF /* AlbumsCollectionViewCell.swift in Sources */ = {isa = PBXBuildFile; fileRef = ED66AECE25E7C05200F1E3EF /* AlbumsCollectionViewCell.swift */; };
		ED66AED425E7E27E00F1E3EF /* ReachabilityServiceProtocol.swift in Sources */ = {isa = PBXBuildFile; fileRef = ED66AED325E7E27E00F1E3EF /* ReachabilityServiceProtocol.swift */; };
		ED66AED625E7E2C200F1E3EF /* ReachabilityService.swift in Sources */ = {isa = PBXBuildFile; fileRef = ED66AED525E7E2C200F1E3EF /* ReachabilityService.swift */; };
		EDC9235D25E39B6100F0F630 /* Assets.xcassets in Resources */ = {isa = PBXBuildFile; fileRef = EDC9235C25E39B6100F0F630 /* Assets.xcassets */; };
		EDF8081925E40EB00057EBE5 /* Repository.swift in Sources */ = {isa = PBXBuildFile; fileRef = EDF8081825E40EB00057EBE5 /* Repository.swift */; };
		EDFDE45F25E40B4100205297 /* RepositoryProtocol.swift in Sources */ = {isa = PBXBuildFile; fileRef = EDFDE45E25E40B4100205297 /* RepositoryProtocol.swift */; };
		EE08B23625E2492300A2DFA0 /* TokenEntity.swift in Sources */ = {isa = PBXBuildFile; fileRef = EE08B23525E2492300A2DFA0 /* TokenEntity.swift */; };
		EE08B23E25E24C8700A2DFA0 /* BoundTextField.swift in Sources */ = {isa = PBXBuildFile; fileRef = EE08B23D25E24C8700A2DFA0 /* BoundTextField.swift */; };
		EE08B24125E24CD100A2DFA0 /* Observable.swift in Sources */ = {isa = PBXBuildFile; fileRef = EE08B24025E24CD100A2DFA0 /* Observable.swift */; };
		EE08B24925E2696E00A2DFA0 /* ArtistsEntity.swift in Sources */ = {isa = PBXBuildFile; fileRef = EE08B24825E2696E00A2DFA0 /* ArtistsEntity.swift */; };
		EE08B25225E26A7200A2DFA0 /* RequestServiceProtocol.swift in Sources */ = {isa = PBXBuildFile; fileRef = EE08B25125E26A7200A2DFA0 /* RequestServiceProtocol.swift */; };
		EE08B25525E2710100A2DFA0 /* BaseRemoteConfigurationProtocol.swift in Sources */ = {isa = PBXBuildFile; fileRef = EE08B25425E2710100A2DFA0 /* BaseRemoteConfigurationProtocol.swift */; };
		EE08B25825E2714700A2DFA0 /* BaseProRemoteConfiguration.swift in Sources */ = {isa = PBXBuildFile; fileRef = EE08B25725E2714700A2DFA0 /* BaseProRemoteConfiguration.swift */; };
		EE08B27225E279C000A2DFA0 /* HTTPMethods.swift in Sources */ = {isa = PBXBuildFile; fileRef = EE08B27125E279C000A2DFA0 /* HTTPMethods.swift */; };
		EE08B27625E27B0D00A2DFA0 /* WebservicesBaseConstants.swift in Sources */ = {isa = PBXBuildFile; fileRef = EE08B27525E27B0D00A2DFA0 /* WebservicesBaseConstants.swift */; };
		EE08B27A25E27F2700A2DFA0 /* SearchListViewModel.swift in Sources */ = {isa = PBXBuildFile; fileRef = EE08B27925E27F2700A2DFA0 /* SearchListViewModel.swift */; };
		EE08B28025E2832200A2DFA0 /* RequestService.swift in Sources */ = {isa = PBXBuildFile; fileRef = EE08B27F25E2832200A2DFA0 /* RequestService.swift */; };
		EE08B28325E29FA500A2DFA0 /* SearchListViewModelProtocol.swift in Sources */ = {isa = PBXBuildFile; fileRef = EE08B28225E29FA500A2DFA0 /* SearchListViewModelProtocol.swift */; };
		EE08B2AE25E2D49900A2DFA0 /* SearchViewModelCoordinatorDelegate.swift in Sources */ = {isa = PBXBuildFile; fileRef = EE08B2AD25E2D49900A2DFA0 /* SearchViewModelCoordinatorDelegate.swift */; };
		EE58F6A225E1B608004422D3 /* StringExtension.swift in Sources */ = {isa = PBXBuildFile; fileRef = EE58F6A125E1B608004422D3 /* StringExtension.swift */; };
		EE58F6A825E1BBA8004422D3 /* AuthorizationServiceProtocol.swift in Sources */ = {isa = PBXBuildFile; fileRef = EE58F6A725E1BBA8004422D3 /* AuthorizationServiceProtocol.swift */; };
		EE58F6AB25E1BBEA004422D3 /* AuthorizationService.swift in Sources */ = {isa = PBXBuildFile; fileRef = EE58F6AA25E1BBEA004422D3 /* AuthorizationService.swift */; };
		EE58F6B525E1C21B004422D3 /* AuthorizeProtocol.swift in Sources */ = {isa = PBXBuildFile; fileRef = EE58F6B425E1C21B004422D3 /* AuthorizeProtocol.swift */; };
		EE58F6BB25E1C2A1004422D3 /* AuthorizeCoordinator.swift in Sources */ = {isa = PBXBuildFile; fileRef = EE58F6BA25E1C2A1004422D3 /* AuthorizeCoordinator.swift */; };
		EE7E7F2225E1126E00C6208B /* SearchProtocol.swift in Sources */ = {isa = PBXBuildFile; fileRef = EE7E7F2125E1126E00C6208B /* SearchProtocol.swift */; };
		EE7E7F2825E1143200C6208B /* DetailProtocol.swift in Sources */ = {isa = PBXBuildFile; fileRef = EE7E7F2725E1143200C6208B /* DetailProtocol.swift */; };
		EE97D39825E70E4D00C765B0 /* AlbumsEntity.swift in Sources */ = {isa = PBXBuildFile; fileRef = EE97D39725E70E4D00C765B0 /* AlbumsEntity.swift */; };
		EEA6BB9525E046C600EFC6C2 /* AppDelegate.swift in Sources */ = {isa = PBXBuildFile; fileRef = EEA6BB9425E046C600EFC6C2 /* AppDelegate.swift */; };
		EEA6BB9C25E046C600EFC6C2 /* Main.storyboard in Resources */ = {isa = PBXBuildFile; fileRef = EEA6BB9A25E046C600EFC6C2 /* Main.storyboard */; };
		EEA6BBA125E046C700EFC6C2 /* LaunchScreen.storyboard in Resources */ = {isa = PBXBuildFile; fileRef = EEA6BB9F25E046C700EFC6C2 /* LaunchScreen.storyboard */; };
		EEA6BC2125E0852C00EFC6C2 /* Storyboarded.swift in Sources */ = {isa = PBXBuildFile; fileRef = EEA6BC2025E0852C00EFC6C2 /* Storyboarded.swift */; };
		EEA6BC2425E0859E00EFC6C2 /* BaseCoordinatorProtocol.swift in Sources */ = {isa = PBXBuildFile; fileRef = EEA6BC2325E0859E00EFC6C2 /* BaseCoordinatorProtocol.swift */; };
		EEA6BC3A25E0893500EFC6C2 /* SearchViewController.swift in Sources */ = {isa = PBXBuildFile; fileRef = EEA6BC3925E0893500EFC6C2 /* SearchViewController.swift */; };
		EEA6BC3F25E08A5800EFC6C2 /* MainCoordinator.swift in Sources */ = {isa = PBXBuildFile; fileRef = EEA6BC3E25E08A5800EFC6C2 /* MainCoordinator.swift */; };
		EEA6BC4625E08C0400EFC6C2 /* DetailViewController.swift in Sources */ = {isa = PBXBuildFile; fileRef = EEA6BC4525E08C0400EFC6C2 /* DetailViewController.swift */; };
		EEAFFF4025E983FC00E7CCFE /* MusicNet.xcdatamodeld in Sources */ = {isa = PBXBuildFile; fileRef = EEAFFF3E25E983FC00E7CCFE /* MusicNet.xcdatamodeld */; };
		EED6ECF725E0F6370057A735 /* DetailCoordinator.swift in Sources */ = {isa = PBXBuildFile; fileRef = EED6ECF625E0F6370057A735 /* DetailCoordinator.swift */; };
		EEE6992C25E5A0B400157818 /* BaseConfigProtocol.swift in Sources */ = {isa = PBXBuildFile; fileRef = EEE6992B25E5A0B400157818 /* BaseConfigProtocol.swift */; };
		EEE6992F25E5A12D00157818 /* BaseConfigPro.swift in Sources */ = {isa = PBXBuildFile; fileRef = EEE6992E25E5A12D00157818 /* BaseConfigPro.swift */; };
		EEE6993225E5A19900157818 /* EndPointsProtocol.swift in Sources */ = {isa = PBXBuildFile; fileRef = EEE6993125E5A19900157818 /* EndPointsProtocol.swift */; };
		EEE6993525E5A1C500157818 /* EndPoints.swift in Sources */ = {isa = PBXBuildFile; fileRef = EEE6993425E5A1C500157818 /* EndPoints.swift */; };
		EEE6993925E5B49A00157818 /* ArtistItemTableViewCell.swift in Sources */ = {isa = PBXBuildFile; fileRef = EEE6993825E5B49A00157818 /* ArtistItemTableViewCell.swift */; };
		EEF91E1F25E7231F005BCF9D /* DetailListViewModel.swift in Sources */ = {isa = PBXBuildFile; fileRef = EEF91E1E25E7231F005BCF9D /* DetailListViewModel.swift */; };
		EEF91E2525E7238D005BCF9D /* DetailListViewModelProtocol.swift in Sources */ = {isa = PBXBuildFile; fileRef = EEF91E2425E7238D005BCF9D /* DetailListViewModelProtocol.swift */; };
		EEF91E2925E726FB005BCF9D /* DetailViewModelCoordinatorDelegate.swift in Sources */ = {isa = PBXBuildFile; fileRef = EEF91E2825E726FB005BCF9D /* DetailViewModelCoordinatorDelegate.swift */; };
/* End PBXBuildFile section */

/* Begin PBXFileReference section */
		ED2557F225E81E9D0049E1C5 /* NetworkUtils.swift */ = {isa = PBXFileReference; lastKnownFileType = sourcecode.swift; path = NetworkUtils.swift; sourceTree = "<group>"; };
		ED66AECE25E7C05200F1E3EF /* AlbumsCollectionViewCell.swift */ = {isa = PBXFileReference; lastKnownFileType = sourcecode.swift; path = AlbumsCollectionViewCell.swift; sourceTree = "<group>"; };
		ED66AED325E7E27E00F1E3EF /* ReachabilityServiceProtocol.swift */ = {isa = PBXFileReference; lastKnownFileType = sourcecode.swift; path = ReachabilityServiceProtocol.swift; sourceTree = "<group>"; };
		ED66AED525E7E2C200F1E3EF /* ReachabilityService.swift */ = {isa = PBXFileReference; lastKnownFileType = sourcecode.swift; path = ReachabilityService.swift; sourceTree = "<group>"; };
		EDC9235C25E39B6100F0F630 /* Assets.xcassets */ = {isa = PBXFileReference; lastKnownFileType = folder.assetcatalog; path = Assets.xcassets; sourceTree = "<group>"; };
		EDF8081825E40EB00057EBE5 /* Repository.swift */ = {isa = PBXFileReference; lastKnownFileType = sourcecode.swift; path = Repository.swift; sourceTree = "<group>"; };
		EDFDE45E25E40B4100205297 /* RepositoryProtocol.swift */ = {isa = PBXFileReference; lastKnownFileType = sourcecode.swift; path = RepositoryProtocol.swift; sourceTree = "<group>"; };
		EE08B23525E2492300A2DFA0 /* TokenEntity.swift */ = {isa = PBXFileReference; lastKnownFileType = sourcecode.swift; path = TokenEntity.swift; sourceTree = "<group>"; };
		EE08B23D25E24C8700A2DFA0 /* BoundTextField.swift */ = {isa = PBXFileReference; lastKnownFileType = sourcecode.swift; path = BoundTextField.swift; sourceTree = "<group>"; };
		EE08B24025E24CD100A2DFA0 /* Observable.swift */ = {isa = PBXFileReference; lastKnownFileType = sourcecode.swift; path = Observable.swift; sourceTree = "<group>"; };
		EE08B24825E2696E00A2DFA0 /* ArtistsEntity.swift */ = {isa = PBXFileReference; lastKnownFileType = sourcecode.swift; path = ArtistsEntity.swift; sourceTree = "<group>"; };
		EE08B25125E26A7200A2DFA0 /* RequestServiceProtocol.swift */ = {isa = PBXFileReference; lastKnownFileType = sourcecode.swift; path = RequestServiceProtocol.swift; sourceTree = "<group>"; };
		EE08B25425E2710100A2DFA0 /* BaseRemoteConfigurationProtocol.swift */ = {isa = PBXFileReference; lastKnownFileType = sourcecode.swift; path = BaseRemoteConfigurationProtocol.swift; sourceTree = "<group>"; };
		EE08B25725E2714700A2DFA0 /* BaseProRemoteConfiguration.swift */ = {isa = PBXFileReference; lastKnownFileType = sourcecode.swift; path = BaseProRemoteConfiguration.swift; sourceTree = "<group>"; };
		EE08B27125E279C000A2DFA0 /* HTTPMethods.swift */ = {isa = PBXFileReference; lastKnownFileType = sourcecode.swift; path = HTTPMethods.swift; sourceTree = "<group>"; };
		EE08B27525E27B0D00A2DFA0 /* WebservicesBaseConstants.swift */ = {isa = PBXFileReference; lastKnownFileType = sourcecode.swift; path = WebservicesBaseConstants.swift; sourceTree = "<group>"; };
		EE08B27925E27F2700A2DFA0 /* SearchListViewModel.swift */ = {isa = PBXFileReference; lastKnownFileType = sourcecode.swift; path = SearchListViewModel.swift; sourceTree = "<group>"; };
		EE08B27F25E2832200A2DFA0 /* RequestService.swift */ = {isa = PBXFileReference; lastKnownFileType = sourcecode.swift; path = RequestService.swift; sourceTree = "<group>"; };
		EE08B28225E29FA500A2DFA0 /* SearchListViewModelProtocol.swift */ = {isa = PBXFileReference; lastKnownFileType = sourcecode.swift; path = SearchListViewModelProtocol.swift; sourceTree = "<group>"; };
		EE08B2AD25E2D49900A2DFA0 /* SearchViewModelCoordinatorDelegate.swift */ = {isa = PBXFileReference; lastKnownFileType = sourcecode.swift; path = SearchViewModelCoordinatorDelegate.swift; sourceTree = "<group>"; };
		EE58F6A125E1B608004422D3 /* StringExtension.swift */ = {isa = PBXFileReference; lastKnownFileType = sourcecode.swift; path = StringExtension.swift; sourceTree = "<group>"; };
		EE58F6A725E1BBA8004422D3 /* AuthorizationServiceProtocol.swift */ = {isa = PBXFileReference; lastKnownFileType = sourcecode.swift; path = AuthorizationServiceProtocol.swift; sourceTree = "<group>"; };
		EE58F6AA25E1BBEA004422D3 /* AuthorizationService.swift */ = {isa = PBXFileReference; lastKnownFileType = sourcecode.swift; path = AuthorizationService.swift; sourceTree = "<group>"; };
		EE58F6B425E1C21B004422D3 /* AuthorizeProtocol.swift */ = {isa = PBXFileReference; lastKnownFileType = sourcecode.swift; path = AuthorizeProtocol.swift; sourceTree = "<group>"; };
		EE58F6BA25E1C2A1004422D3 /* AuthorizeCoordinator.swift */ = {isa = PBXFileReference; lastKnownFileType = sourcecode.swift; path = AuthorizeCoordinator.swift; sourceTree = "<group>"; };
		EE7E7F2125E1126E00C6208B /* SearchProtocol.swift */ = {isa = PBXFileReference; lastKnownFileType = sourcecode.swift; path = SearchProtocol.swift; sourceTree = "<group>"; };
		EE7E7F2725E1143200C6208B /* DetailProtocol.swift */ = {isa = PBXFileReference; lastKnownFileType = sourcecode.swift; path = DetailProtocol.swift; sourceTree = "<group>"; };
		EE97D39725E70E4D00C765B0 /* AlbumsEntity.swift */ = {isa = PBXFileReference; lastKnownFileType = sourcecode.swift; path = AlbumsEntity.swift; sourceTree = "<group>"; };
		EEA6BB9125E046C600EFC6C2 /* MusicNet.app */ = {isa = PBXFileReference; explicitFileType = wrapper.application; includeInIndex = 0; path = MusicNet.app; sourceTree = BUILT_PRODUCTS_DIR; };
		EEA6BB9425E046C600EFC6C2 /* AppDelegate.swift */ = {isa = PBXFileReference; lastKnownFileType = sourcecode.swift; path = AppDelegate.swift; sourceTree = "<group>"; };
		EEA6BB9B25E046C600EFC6C2 /* Base */ = {isa = PBXFileReference; lastKnownFileType = file.storyboard; name = Base; path = Base.lproj/Main.storyboard; sourceTree = "<group>"; };
		EEA6BBA025E046C700EFC6C2 /* Base */ = {isa = PBXFileReference; lastKnownFileType = file.storyboard; name = Base; path = Base.lproj/LaunchScreen.storyboard; sourceTree = "<group>"; };
		EEA6BBA225E046C700EFC6C2 /* Info.plist */ = {isa = PBXFileReference; lastKnownFileType = text.plist.xml; path = Info.plist; sourceTree = "<group>"; };
		EEA6BC2025E0852C00EFC6C2 /* Storyboarded.swift */ = {isa = PBXFileReference; lastKnownFileType = sourcecode.swift; path = Storyboarded.swift; sourceTree = "<group>"; };
		EEA6BC2325E0859E00EFC6C2 /* BaseCoordinatorProtocol.swift */ = {isa = PBXFileReference; lastKnownFileType = sourcecode.swift; path = BaseCoordinatorProtocol.swift; sourceTree = "<group>"; };
		EEA6BC3925E0893500EFC6C2 /* SearchViewController.swift */ = {isa = PBXFileReference; lastKnownFileType = sourcecode.swift; path = SearchViewController.swift; sourceTree = "<group>"; };
		EEA6BC3E25E08A5800EFC6C2 /* MainCoordinator.swift */ = {isa = PBXFileReference; lastKnownFileType = sourcecode.swift; path = MainCoordinator.swift; sourceTree = "<group>"; };
		EEA6BC4525E08C0400EFC6C2 /* DetailViewController.swift */ = {isa = PBXFileReference; lastKnownFileType = sourcecode.swift; path = DetailViewController.swift; sourceTree = "<group>"; };
		EEAFFF3F25E983FC00E7CCFE /* MusicNet.xcdatamodel */ = {isa = PBXFileReference; lastKnownFileType = wrapper.xcdatamodel; path = MusicNet.xcdatamodel; sourceTree = "<group>"; };
		EED6ECF625E0F6370057A735 /* DetailCoordinator.swift */ = {isa = PBXFileReference; lastKnownFileType = sourcecode.swift; path = DetailCoordinator.swift; sourceTree = "<group>"; };
		EEE6992B25E5A0B400157818 /* BaseConfigProtocol.swift */ = {isa = PBXFileReference; lastKnownFileType = sourcecode.swift; path = BaseConfigProtocol.swift; sourceTree = "<group>"; };
		EEE6992E25E5A12D00157818 /* BaseConfigPro.swift */ = {isa = PBXFileReference; lastKnownFileType = sourcecode.swift; path = BaseConfigPro.swift; sourceTree = "<group>"; };
		EEE6993125E5A19900157818 /* EndPointsProtocol.swift */ = {isa = PBXFileReference; lastKnownFileType = sourcecode.swift; path = EndPointsProtocol.swift; sourceTree = "<group>"; };
		EEE6993425E5A1C500157818 /* EndPoints.swift */ = {isa = PBXFileReference; lastKnownFileType = sourcecode.swift; path = EndPoints.swift; sourceTree = "<group>"; };
		EEE6993825E5B49A00157818 /* ArtistItemTableViewCell.swift */ = {isa = PBXFileReference; lastKnownFileType = sourcecode.swift; path = ArtistItemTableViewCell.swift; sourceTree = "<group>"; };
		EEF91E1E25E7231F005BCF9D /* DetailListViewModel.swift */ = {isa = PBXFileReference; lastKnownFileType = sourcecode.swift; path = DetailListViewModel.swift; sourceTree = "<group>"; };
		EEF91E2425E7238D005BCF9D /* DetailListViewModelProtocol.swift */ = {isa = PBXFileReference; lastKnownFileType = sourcecode.swift; path = DetailListViewModelProtocol.swift; sourceTree = "<group>"; };
		EEF91E2825E726FB005BCF9D /* DetailViewModelCoordinatorDelegate.swift */ = {isa = PBXFileReference; lastKnownFileType = sourcecode.swift; path = DetailViewModelCoordinatorDelegate.swift; sourceTree = "<group>"; };
/* End PBXFileReference section */

/* Begin PBXFrameworksBuildPhase section */
		EEA6BB8E25E046C600EFC6C2 /* Frameworks */ = {
			isa = PBXFrameworksBuildPhase;
			buildActionMask = 2147483647;
			files = (
			);
			runOnlyForDeploymentPostprocessing = 0;
		};
/* End PBXFrameworksBuildPhase section */

/* Begin PBXGroup section */
		ED2557F125E81E6F0049E1C5 /* NetworkUtils */ = {
			isa = PBXGroup;
			children = (
				ED2557F225E81E9D0049E1C5 /* NetworkUtils.swift */,
			);
			path = NetworkUtils;
			sourceTree = "<group>";
		};
		ED48ED3825E6DFDD00568C05 /* Config */ = {
			isa = PBXGroup;
			children = (
				EE08B25725E2714700A2DFA0 /* BaseProRemoteConfiguration.swift */,
			);
			path = Config;
			sourceTree = "<group>";
		};
		ED66AECD25E7C01500F1E3EF /* Cell */ = {
			isa = PBXGroup;
			children = (
				ED66AECE25E7C05200F1E3EF /* AlbumsCollectionViewCell.swift */,
			);
			path = Cell;
			sourceTree = "<group>";
		};
		ED66AED025E7E22800F1E3EF /* ReachabilityService */ = {
			isa = PBXGroup;
			children = (
				ED66AED225E7E25500F1E3EF /* Implementation */,
				ED66AED125E7E24C00F1E3EF /* Protocol */,
			);
			path = ReachabilityService;
			sourceTree = "<group>";
		};
		ED66AED125E7E24C00F1E3EF /* Protocol */ = {
			isa = PBXGroup;
			children = (
				ED66AED325E7E27E00F1E3EF /* ReachabilityServiceProtocol.swift */,
			);
			path = Protocol;
			sourceTree = "<group>";
		};
		ED66AED225E7E25500F1E3EF /* Implementation */ = {
			isa = PBXGroup;
			children = (
				ED66AED525E7E2C200F1E3EF /* ReachabilityService.swift */,
			);
			path = Implementation;
			sourceTree = "<group>";
		};
		EDFDE45B25E40ABD00205297 /* Repository */ = {
			isa = PBXGroup;
			children = (
				EEAFFF3825E9730A00E7CCFE /* DDBBSchemes */,
				EDFDE45D25E40ADD00205297 /* Implementation */,
				EDFDE45C25E40AD200205297 /* Protocol */,
			);
			path = Repository;
			sourceTree = "<group>";
		};
		EDFDE45C25E40AD200205297 /* Protocol */ = {
			isa = PBXGroup;
			children = (
				EDFDE45E25E40B4100205297 /* RepositoryProtocol.swift */,
				EEE6992B25E5A0B400157818 /* BaseConfigProtocol.swift */,
				EEE6993125E5A19900157818 /* EndPointsProtocol.swift */,
			);
			path = Protocol;
			sourceTree = "<group>";
		};
		EDFDE45D25E40ADD00205297 /* Implementation */ = {
			isa = PBXGroup;
			children = (
				EDF8081825E40EB00057EBE5 /* Repository.swift */,
				EEE6992E25E5A12D00157818 /* BaseConfigPro.swift */,
				EEE6993425E5A1C500157818 /* EndPoints.swift */,
			);
			path = Implementation;
			sourceTree = "<group>";
		};
		EE08B23425E2490300A2DFA0 /* Entity */ = {
			isa = PBXGroup;
			children = (
				EE08B23525E2492300A2DFA0 /* TokenEntity.swift */,
			);
			path = Entity;
			sourceTree = "<group>";
		};
		EE08B23825E24BF600A2DFA0 /* Binding */ = {
			isa = PBXGroup;
			children = (
				EE08B23B25E24C4B00A2DFA0 /* Components */,
				EE08B23925E24C2F00A2DFA0 /* Common */,
			);
			path = Binding;
			sourceTree = "<group>";
		};
		EE08B23925E24C2F00A2DFA0 /* Common */ = {
			isa = PBXGroup;
			children = (
				EE08B23A25E24C3C00A2DFA0 /* Observable */,
			);
			path = Common;
			sourceTree = "<group>";
		};
		EE08B23A25E24C3C00A2DFA0 /* Observable */ = {
			isa = PBXGroup;
			children = (
				EE08B24025E24CD100A2DFA0 /* Observable.swift */,
			);
			path = Observable;
			sourceTree = "<group>";
		};
		EE08B23B25E24C4B00A2DFA0 /* Components */ = {
			isa = PBXGroup;
			children = (
				EE08B23C25E24C5F00A2DFA0 /* TextField */,
			);
			path = Components;
			sourceTree = "<group>";
		};
		EE08B23C25E24C5F00A2DFA0 /* TextField */ = {
			isa = PBXGroup;
			children = (
				EE08B23D25E24C8700A2DFA0 /* BoundTextField.swift */,
			);
			path = TextField;
			sourceTree = "<group>";
		};
		EE08B24425E2653900A2DFA0 /* ViewModel */ = {
			isa = PBXGroup;
			children = (
				EE08B2AC25E2D47200A2DFA0 /* Protocol */,
				EE08B2AB25E2D46300A2DFA0 /* Implementation */,
			);
			path = ViewModel;
			sourceTree = "<group>";
		};
		EE08B24725E2694900A2DFA0 /* Entity */ = {
			isa = PBXGroup;
			children = (
				EE08B24825E2696E00A2DFA0 /* ArtistsEntity.swift */,
			);
			path = Entity;
			sourceTree = "<group>";
		};
		EE08B24E25E26A3900A2DFA0 /* NetworkRequest */ = {
			isa = PBXGroup;
			children = (
				EE08B27025E2799400A2DFA0 /* Common */,
				EE08B25025E26A5C00A2DFA0 /* Implementation */,
				EE08B24F25E26A4E00A2DFA0 /* Protocol */,
			);
			path = NetworkRequest;
			sourceTree = "<group>";
		};
		EE08B24F25E26A4E00A2DFA0 /* Protocol */ = {
			isa = PBXGroup;
			children = (
				EE08B25125E26A7200A2DFA0 /* RequestServiceProtocol.swift */,
				EE08B25425E2710100A2DFA0 /* BaseRemoteConfigurationProtocol.swift */,
			);
			path = Protocol;
			sourceTree = "<group>";
		};
		EE08B25025E26A5C00A2DFA0 /* Implementation */ = {
			isa = PBXGroup;
			children = (
				EE08B27F25E2832200A2DFA0 /* RequestService.swift */,
			);
			path = Implementation;
			sourceTree = "<group>";
		};
		EE08B27025E2799400A2DFA0 /* Common */ = {
			isa = PBXGroup;
			children = (
				EE08B27125E279C000A2DFA0 /* HTTPMethods.swift */,
				EE08B27525E27B0D00A2DFA0 /* WebservicesBaseConstants.swift */,
			);
			path = Common;
			sourceTree = "<group>";
		};
		EE08B28925E2A4C600A2DFA0 /* WebServices */ = {
			isa = PBXGroup;
			children = (
				ED48ED3825E6DFDD00568C05 /* Config */,
			);
			path = WebServices;
			sourceTree = "<group>";
		};
		EE08B2AB25E2D46300A2DFA0 /* Implementation */ = {
			isa = PBXGroup;
			children = (
				EE08B27925E27F2700A2DFA0 /* SearchListViewModel.swift */,
			);
			path = Implementation;
			sourceTree = "<group>";
		};
		EE08B2AC25E2D47200A2DFA0 /* Protocol */ = {
			isa = PBXGroup;
			children = (
				EE08B28225E29FA500A2DFA0 /* SearchListViewModelProtocol.swift */,
				EE08B2AD25E2D49900A2DFA0 /* SearchViewModelCoordinatorDelegate.swift */,
			);
			path = Protocol;
			sourceTree = "<group>";
		};
		EE58F69D25E1B4A5004422D3 /* Authorize */ = {
			isa = PBXGroup;
			children = (
				EE58F69E25E1B4D0004422D3 /* Coordinator */,
			);
			path = Authorize;
			sourceTree = "<group>";
		};
		EE58F69E25E1B4D0004422D3 /* Coordinator */ = {
			isa = PBXGroup;
			children = (
				EE58F6B325E1C1F6004422D3 /* Implementation */,
				EE58F6B225E1C1E8004422D3 /* Protocol */,
			);
			path = Coordinator;
			sourceTree = "<group>";
		};
		EE58F6A025E1B509004422D3 /* String */ = {
			isa = PBXGroup;
			children = (
				EE58F6A125E1B608004422D3 /* StringExtension.swift */,
			);
			path = String;
			sourceTree = "<group>";
		};
		EE58F6A425E1B7C3004422D3 /* Authorization */ = {
			isa = PBXGroup;
			children = (
				EE08B23425E2490300A2DFA0 /* Entity */,
				EE58F6A625E1B7E1004422D3 /* Implementation */,
				EE58F6A525E1B7D8004422D3 /* Protocol */,
			);
			path = Authorization;
			sourceTree = "<group>";
		};
		EE58F6A525E1B7D8004422D3 /* Protocol */ = {
			isa = PBXGroup;
			children = (
				EE58F6A725E1BBA8004422D3 /* AuthorizationServiceProtocol.swift */,
			);
			path = Protocol;
			sourceTree = "<group>";
		};
		EE58F6A625E1B7E1004422D3 /* Implementation */ = {
			isa = PBXGroup;
			children = (
				EE58F6AA25E1BBEA004422D3 /* AuthorizationService.swift */,
			);
			path = Implementation;
			sourceTree = "<group>";
		};
		EE58F6B225E1C1E8004422D3 /* Protocol */ = {
			isa = PBXGroup;
			children = (
				EE58F6B425E1C21B004422D3 /* AuthorizeProtocol.swift */,
			);
			path = Protocol;
			sourceTree = "<group>";
		};
		EE58F6B325E1C1F6004422D3 /* Implementation */ = {
			isa = PBXGroup;
			children = (
				EE58F6BA25E1C2A1004422D3 /* AuthorizeCoordinator.swift */,
			);
			path = Implementation;
			sourceTree = "<group>";
		};
		EE7E7F1F25E1124200C6208B /* Protocol */ = {
			isa = PBXGroup;
			children = (
				EE7E7F2125E1126E00C6208B /* SearchProtocol.swift */,
			);
			path = Protocol;
			sourceTree = "<group>";
		};
		EE7E7F2025E1124F00C6208B /* Implementation */ = {
			isa = PBXGroup;
			children = (
				EEA6BC3E25E08A5800EFC6C2 /* MainCoordinator.swift */,
			);
			path = Implementation;
			sourceTree = "<group>";
		};
		EE7E7F2425E1136E00C6208B /* Protocol */ = {
			isa = PBXGroup;
			children = (
				EE7E7F2725E1143200C6208B /* DetailProtocol.swift */,
			);
			path = Protocol;
			sourceTree = "<group>";
		};
		EE7E7F2525E1137900C6208B /* Implementation */ = {
			isa = PBXGroup;
			children = (
				EED6ECF625E0F6370057A735 /* DetailCoordinator.swift */,
			);
			path = Implementation;
			sourceTree = "<group>";
		};
		EE97D39625E70E3300C765B0 /* Entity */ = {
			isa = PBXGroup;
			children = (
				EE97D39725E70E4D00C765B0 /* AlbumsEntity.swift */,
			);
			path = Entity;
			sourceTree = "<group>";
		};
		EEA6BB8825E046C600EFC6C2 = {
			isa = PBXGroup;
			children = (
				EEA6BB9325E046C600EFC6C2 /* MusicNet */,
				EEA6BB9225E046C600EFC6C2 /* Products */,
			);
			sourceTree = "<group>";
		};
		EEA6BB9225E046C600EFC6C2 /* Products */ = {
			isa = PBXGroup;
			children = (
				EEA6BB9125E046C600EFC6C2 /* MusicNet.app */,
			);
			name = Products;
			sourceTree = "<group>";
		};
		EEA6BB9325E046C600EFC6C2 /* MusicNet */ = {
			isa = PBXGroup;
			children = (
				EDFDE45B25E40ABD00205297 /* Repository */,
				EE08B28925E2A4C600A2DFA0 /* WebServices */,
				EEA6BC2F25E0873C00EFC6C2 /* Modules */,
				EEA6BC2925E086F900EFC6C2 /* Resources */,
				EEA6BC2725E086D500EFC6C2 /* Application */,
				EEA6BC1B25E0850D00EFC6C2 /* EamCoreServices */,
			);
			path = MusicNet;
			sourceTree = "<group>";
		};
		EEA6BC1B25E0850D00EFC6C2 /* EamCoreServices */ = {
			isa = PBXGroup;
			children = (
				ED66AED025E7E22800F1E3EF /* ReachabilityService */,
				EE08B23825E24BF600A2DFA0 /* Binding */,
				EEA6BC1C25E0850D00EFC6C2 /* WebServices */,
				EEA6BC1D25E0850D00EFC6C2 /* Utils */,
				EEA6BC1F25E0850D00EFC6C2 /* BaseCoordinator */,
			);
			path = EamCoreServices;
			sourceTree = "<group>";
		};
		EEA6BC1C25E0850D00EFC6C2 /* WebServices */ = {
			isa = PBXGroup;
			children = (
				ED2557F125E81E6F0049E1C5 /* NetworkUtils */,
				EE08B24E25E26A3900A2DFA0 /* NetworkRequest */,
				EE58F6A425E1B7C3004422D3 /* Authorization */,
			);
			path = WebServices;
			sourceTree = "<group>";
		};
		EEA6BC1D25E0850D00EFC6C2 /* Utils */ = {
			isa = PBXGroup;
			children = (
				EE58F6A025E1B509004422D3 /* String */,
				EEA6BC1E25E0850D00EFC6C2 /* Storyboard */,
			);
			path = Utils;
			sourceTree = "<group>";
		};
		EEA6BC1E25E0850D00EFC6C2 /* Storyboard */ = {
			isa = PBXGroup;
			children = (
				EEA6BC2025E0852C00EFC6C2 /* Storyboarded.swift */,
			);
			path = Storyboard;
			sourceTree = "<group>";
		};
		EEA6BC1F25E0850D00EFC6C2 /* BaseCoordinator */ = {
			isa = PBXGroup;
			children = (
				EED6ECFB25E0F8ED0057A735 /* Protocol */,
			);
			path = BaseCoordinator;
			sourceTree = "<group>";
		};
		EEA6BC2725E086D500EFC6C2 /* Application */ = {
			isa = PBXGroup;
			children = (
				EEA6BBA225E046C700EFC6C2 /* Info.plist */,
				EEA6BB9425E046C600EFC6C2 /* AppDelegate.swift */,
				EEA6BB9F25E046C700EFC6C2 /* LaunchScreen.storyboard */,
				EEA6BB9A25E046C600EFC6C2 /* Main.storyboard */,
			);
			path = Application;
			sourceTree = "<group>";
		};
		EEA6BC2925E086F900EFC6C2 /* Resources */ = {
			isa = PBXGroup;
			children = (
				EDC9235C25E39B6100F0F630 /* Assets.xcassets */,
			);
			path = Resources;
			sourceTree = "<group>";
		};
		EEA6BC2F25E0873C00EFC6C2 /* Modules */ = {
			isa = PBXGroup;
			children = (
				EE58F69D25E1B4A5004422D3 /* Authorize */,
				EEA6BC3025E0873C00EFC6C2 /* SearchList */,
				EEA6BC4325E08B3900EFC6C2 /* Detail */,
			);
			path = Modules;
			sourceTree = "<group>";
		};
		EEA6BC3025E0873C00EFC6C2 /* SearchList */ = {
			isa = PBXGroup;
			children = (
				EE08B24725E2694900A2DFA0 /* Entity */,
				EE08B24425E2653900A2DFA0 /* ViewModel */,
				EEA6BC3D25E08A3900EFC6C2 /* Coordinator */,
				EEA6BC3125E0873C00EFC6C2 /* View */,
			);
			path = SearchList;
			sourceTree = "<group>";
		};
		EEA6BC3125E0873C00EFC6C2 /* View */ = {
			isa = PBXGroup;
			children = (
				EEE6993725E5B44B00157818 /* Cell */,
				EEA6BC3925E0893500EFC6C2 /* SearchViewController.swift */,
			);
			path = View;
			sourceTree = "<group>";
		};
		EEA6BC3D25E08A3900EFC6C2 /* Coordinator */ = {
			isa = PBXGroup;
			children = (
				EE7E7F2025E1124F00C6208B /* Implementation */,
				EE7E7F1F25E1124200C6208B /* Protocol */,
			);
			path = Coordinator;
			sourceTree = "<group>";
		};
		EEA6BC4325E08B3900EFC6C2 /* Detail */ = {
			isa = PBXGroup;
			children = (
				EEF91E2125E7233E005BCF9D /* ViewModel */,
				EE97D39625E70E3300C765B0 /* Entity */,
				EED6ECF525E0F6070057A735 /* Coordinator */,
				EEA6BC4425E08BE400EFC6C2 /* View */,
			);
			path = Detail;
			sourceTree = "<group>";
		};
		EEA6BC4425E08BE400EFC6C2 /* View */ = {
			isa = PBXGroup;
			children = (
				ED66AECD25E7C01500F1E3EF /* Cell */,
				EEA6BC4525E08C0400EFC6C2 /* DetailViewController.swift */,
			);
			path = View;
			sourceTree = "<group>";
		};
		EEAFFF3825E9730A00E7CCFE /* DDBBSchemes */ = {
			isa = PBXGroup;
			children = (
				EEAFFF3E25E983FC00E7CCFE /* MusicNet.xcdatamodeld */,
			);
			path = DDBBSchemes;
			sourceTree = "<group>";
		};
		EED6ECF525E0F6070057A735 /* Coordinator */ = {
			isa = PBXGroup;
			children = (
				EE7E7F2525E1137900C6208B /* Implementation */,
				EE7E7F2425E1136E00C6208B /* Protocol */,
			);
			path = Coordinator;
			sourceTree = "<group>";
		};
		EED6ECFB25E0F8ED0057A735 /* Protocol */ = {
			isa = PBXGroup;
			children = (
				EEA6BC2325E0859E00EFC6C2 /* BaseCoordinatorProtocol.swift */,
			);
			path = Protocol;
			sourceTree = "<group>";
		};
		EEE6993725E5B44B00157818 /* Cell */ = {
			isa = PBXGroup;
			children = (
				EEE6993825E5B49A00157818 /* ArtistItemTableViewCell.swift */,
			);
			path = Cell;
			sourceTree = "<group>";
		};
		EEF91E2125E7233E005BCF9D /* ViewModel */ = {
			isa = PBXGroup;
			children = (
				EEF91E2325E72362005BCF9D /* Protocol */,
				EEF91E2225E72354005BCF9D /* Implementation */,
			);
			path = ViewModel;
			sourceTree = "<group>";
		};
		EEF91E2225E72354005BCF9D /* Implementation */ = {
			isa = PBXGroup;
			children = (
				EEF91E1E25E7231F005BCF9D /* DetailListViewModel.swift */,
			);
			path = Implementation;
			sourceTree = "<group>";
		};
		EEF91E2325E72362005BCF9D /* Protocol */ = {
			isa = PBXGroup;
			children = (
				EEF91E2425E7238D005BCF9D /* DetailListViewModelProtocol.swift */,
				EEF91E2825E726FB005BCF9D /* DetailViewModelCoordinatorDelegate.swift */,
			);
			path = Protocol;
			sourceTree = "<group>";
		};
/* End PBXGroup section */

/* Begin PBXNativeTarget section */
		EEA6BB9025E046C600EFC6C2 /* MusicNet */ = {
			isa = PBXNativeTarget;
			buildConfigurationList = EEA6BBA525E046C700EFC6C2 /* Build configuration list for PBXNativeTarget "MusicNet" */;
			buildPhases = (
				EEA6BB8D25E046C600EFC6C2 /* Sources */,
				EEA6BB8E25E046C600EFC6C2 /* Frameworks */,
				EEA6BB8F25E046C600EFC6C2 /* Resources */,
			);
			buildRules = (
			);
			dependencies = (
			);
			name = MusicNet;
			productName = MusicNet;
			productReference = EEA6BB9125E046C600EFC6C2 /* MusicNet.app */;
			productType = "com.apple.product-type.application";
		};
/* End PBXNativeTarget section */

/* Begin PBXProject section */
		EEA6BB8925E046C600EFC6C2 /* Project object */ = {
			isa = PBXProject;
			attributes = {
				LastSwiftUpdateCheck = 1240;
				LastUpgradeCheck = 1240;
				TargetAttributes = {
					EEA6BB9025E046C600EFC6C2 = {
						CreatedOnToolsVersion = 12.4;
					};
				};
			};
			buildConfigurationList = EEA6BB8C25E046C600EFC6C2 /* Build configuration list for PBXProject "MusicNet" */;
			compatibilityVersion = "Xcode 9.3";
			developmentRegion = en;
			hasScannedForEncodings = 0;
			knownRegions = (
				en,
				Base,
			);
			mainGroup = EEA6BB8825E046C600EFC6C2;
			productRefGroup = EEA6BB9225E046C600EFC6C2 /* Products */;
			projectDirPath = "";
			projectRoot = "";
			targets = (
				EEA6BB9025E046C600EFC6C2 /* MusicNet */,
			);
		};
/* End PBXProject section */

/* Begin PBXResourcesBuildPhase section */
		EEA6BB8F25E046C600EFC6C2 /* Resources */ = {
			isa = PBXResourcesBuildPhase;
			buildActionMask = 2147483647;
			files = (
				EEA6BBA125E046C700EFC6C2 /* LaunchScreen.storyboard in Resources */,
				EDC9235D25E39B6100F0F630 /* Assets.xcassets in Resources */,
				EEA6BB9C25E046C600EFC6C2 /* Main.storyboard in Resources */,
			);
			runOnlyForDeploymentPostprocessing = 0;
		};
/* End PBXResourcesBuildPhase section */

/* Begin PBXSourcesBuildPhase section */
		EEA6BB8D25E046C600EFC6C2 /* Sources */ = {
			isa = PBXSourcesBuildPhase;
			buildActionMask = 2147483647;
			files = (
				EEAFFF4025E983FC00E7CCFE /* MusicNet.xcdatamodeld in Sources */,
				ED66AED425E7E27E00F1E3EF /* ReachabilityServiceProtocol.swift in Sources */,
				EE08B23E25E24C8700A2DFA0 /* BoundTextField.swift in Sources */,
				EE08B25825E2714700A2DFA0 /* BaseProRemoteConfiguration.swift in Sources */,
				EE08B2AE25E2D49900A2DFA0 /* SearchViewModelCoordinatorDelegate.swift in Sources */,
				EDF8081925E40EB00057EBE5 /* Repository.swift in Sources */,
				EDFDE45F25E40B4100205297 /* RepositoryProtocol.swift in Sources */,
				EEF91E2925E726FB005BCF9D /* DetailViewModelCoordinatorDelegate.swift in Sources */,
				EE08B24925E2696E00A2DFA0 /* ArtistsEntity.swift in Sources */,
				EEE6992C25E5A0B400157818 /* BaseConfigProtocol.swift in Sources */,
				ED66AED625E7E2C200F1E3EF /* ReachabilityService.swift in Sources */,
				ED66AECF25E7C05200F1E3EF /* AlbumsCollectionViewCell.swift in Sources */,
				EE58F6BB25E1C2A1004422D3 /* AuthorizeCoordinator.swift in Sources */,
				EEE6992F25E5A12D00157818 /* BaseConfigPro.swift in Sources */,
				EED6ECF725E0F6370057A735 /* DetailCoordinator.swift in Sources */,
				EEE6993525E5A1C500157818 /* EndPoints.swift in Sources */,
				EE08B27625E27B0D00A2DFA0 /* WebservicesBaseConstants.swift in Sources */,
				EE08B28325E29FA500A2DFA0 /* SearchListViewModelProtocol.swift in Sources */,
				EE08B27225E279C000A2DFA0 /* HTTPMethods.swift in Sources */,
				EEF91E2525E7238D005BCF9D /* DetailListViewModelProtocol.swift in Sources */,
				EEA6BC3A25E0893500EFC6C2 /* SearchViewController.swift in Sources */,
				EE08B25525E2710100A2DFA0 /* BaseRemoteConfigurationProtocol.swift in Sources */,
				EE08B27A25E27F2700A2DFA0 /* SearchListViewModel.swift in Sources */,
				EE58F6A225E1B608004422D3 /* StringExtension.swift in Sources */,
				EE08B28025E2832200A2DFA0 /* RequestService.swift in Sources */,
				EE58F6AB25E1BBEA004422D3 /* AuthorizationService.swift in Sources */,
				EEA6BB9525E046C600EFC6C2 /* AppDelegate.swift in Sources */,
				EE58F6B525E1C21B004422D3 /* AuthorizeProtocol.swift in Sources */,
				EE7E7F2825E1143200C6208B /* DetailProtocol.swift in Sources */,
				EEF91E1F25E7231F005BCF9D /* DetailListViewModel.swift in Sources */,
				EEA6BC2125E0852C00EFC6C2 /* Storyboarded.swift in Sources */,
				EE7E7F2225E1126E00C6208B /* SearchProtocol.swift in Sources */,
				EEE6993225E5A19900157818 /* EndPointsProtocol.swift in Sources */,
				EE08B23625E2492300A2DFA0 /* TokenEntity.swift in Sources */,
				EE08B24125E24CD100A2DFA0 /* Observable.swift in Sources */,
				EEA6BC4625E08C0400EFC6C2 /* DetailViewController.swift in Sources */,
				EE97D39825E70E4D00C765B0 /* AlbumsEntity.swift in Sources */,
				EE08B25225E26A7200A2DFA0 /* RequestServiceProtocol.swift in Sources */,
				EEA6BC3F25E08A5800EFC6C2 /* MainCoordinator.swift in Sources */,
				EE58F6A825E1BBA8004422D3 /* AuthorizationServiceProtocol.swift in Sources */,
				EEA6BC2425E0859E00EFC6C2 /* BaseCoordinatorProtocol.swift in Sources */,
				ED2557F325E81E9D0049E1C5 /* NetworkUtils.swift in Sources */,
				EEE6993925E5B49A00157818 /* ArtistItemTableViewCell.swift in Sources */,
			);
			runOnlyForDeploymentPostprocessing = 0;
		};
/* End PBXSourcesBuildPhase section */

/* Begin PBXVariantGroup section */
		EEA6BB9A25E046C600EFC6C2 /* Main.storyboard */ = {
			isa = PBXVariantGroup;
			children = (
				EEA6BB9B25E046C600EFC6C2 /* Base */,
			);
			name = Main.storyboard;
			sourceTree = "<group>";
		};
		EEA6BB9F25E046C700EFC6C2 /* LaunchScreen.storyboard */ = {
			isa = PBXVariantGroup;
			children = (
				EEA6BBA025E046C700EFC6C2 /* Base */,
			);
			name = LaunchScreen.storyboard;
			sourceTree = "<group>";
		};
/* End PBXVariantGroup section */

/* Begin XCBuildConfiguration section */
		EEA6BBA325E046C700EFC6C2 /* Debug */ = {
			isa = XCBuildConfiguration;
			buildSettings = {
				ALWAYS_SEARCH_USER_PATHS = NO;
				CLANG_ANALYZER_NONNULL = YES;
				CLANG_ANALYZER_NUMBER_OBJECT_CONVERSION = YES_AGGRESSIVE;
				CLANG_CXX_LANGUAGE_STANDARD = "gnu++14";
				CLANG_CXX_LIBRARY = "libc++";
				CLANG_ENABLE_MODULES = YES;
				CLANG_ENABLE_OBJC_ARC = YES;
				CLANG_ENABLE_OBJC_WEAK = YES;
				CLANG_WARN_BLOCK_CAPTURE_AUTORELEASING = YES;
				CLANG_WARN_BOOL_CONVERSION = YES;
				CLANG_WARN_COMMA = YES;
				CLANG_WARN_CONSTANT_CONVERSION = YES;
				CLANG_WARN_DEPRECATED_OBJC_IMPLEMENTATIONS = YES;
				CLANG_WARN_DIRECT_OBJC_ISA_USAGE = YES_ERROR;
				CLANG_WARN_DOCUMENTATION_COMMENTS = YES;
				CLANG_WARN_EMPTY_BODY = YES;
				CLANG_WARN_ENUM_CONVERSION = YES;
				CLANG_WARN_INFINITE_RECURSION = YES;
				CLANG_WARN_INT_CONVERSION = YES;
				CLANG_WARN_NON_LITERAL_NULL_CONVERSION = YES;
				CLANG_WARN_OBJC_IMPLICIT_RETAIN_SELF = YES;
				CLANG_WARN_OBJC_LITERAL_CONVERSION = YES;
				CLANG_WARN_OBJC_ROOT_CLASS = YES_ERROR;
				CLANG_WARN_QUOTED_INCLUDE_IN_FRAMEWORK_HEADER = YES;
				CLANG_WARN_RANGE_LOOP_ANALYSIS = YES;
				CLANG_WARN_STRICT_PROTOTYPES = YES;
				CLANG_WARN_SUSPICIOUS_MOVE = YES;
				CLANG_WARN_UNGUARDED_AVAILABILITY = YES_AGGRESSIVE;
				CLANG_WARN_UNREACHABLE_CODE = YES;
				CLANG_WARN__DUPLICATE_METHOD_MATCH = YES;
				COPY_PHASE_STRIP = NO;
				DEBUG_INFORMATION_FORMAT = dwarf;
				ENABLE_STRICT_OBJC_MSGSEND = YES;
				ENABLE_TESTABILITY = YES;
				GCC_C_LANGUAGE_STANDARD = gnu11;
				GCC_DYNAMIC_NO_PIC = NO;
				GCC_NO_COMMON_BLOCKS = YES;
				GCC_OPTIMIZATION_LEVEL = 0;
				GCC_PREPROCESSOR_DEFINITIONS = (
					"DEBUG=1",
					"$(inherited)",
				);
				GCC_WARN_64_TO_32_BIT_CONVERSION = YES;
				GCC_WARN_ABOUT_RETURN_TYPE = YES_ERROR;
				GCC_WARN_UNDECLARED_SELECTOR = YES;
				GCC_WARN_UNINITIALIZED_AUTOS = YES_AGGRESSIVE;
				GCC_WARN_UNUSED_FUNCTION = YES;
				GCC_WARN_UNUSED_VARIABLE = YES;
				IPHONEOS_DEPLOYMENT_TARGET = 11.0;
				MTL_ENABLE_DEBUG_INFO = INCLUDE_SOURCE;
				MTL_FAST_MATH = YES;
				ONLY_ACTIVE_ARCH = YES;
				SDKROOT = iphoneos;
				SWIFT_ACTIVE_COMPILATION_CONDITIONS = DEBUG;
				SWIFT_OPTIMIZATION_LEVEL = "-Onone";
			};
			name = Debug;
		};
		EEA6BBA425E046C700EFC6C2 /* Release */ = {
			isa = XCBuildConfiguration;
			buildSettings = {
				ALWAYS_SEARCH_USER_PATHS = NO;
				CLANG_ANALYZER_NONNULL = YES;
				CLANG_ANALYZER_NUMBER_OBJECT_CONVERSION = YES_AGGRESSIVE;
				CLANG_CXX_LANGUAGE_STANDARD = "gnu++14";
				CLANG_CXX_LIBRARY = "libc++";
				CLANG_ENABLE_MODULES = YES;
				CLANG_ENABLE_OBJC_ARC = YES;
				CLANG_ENABLE_OBJC_WEAK = YES;
				CLANG_WARN_BLOCK_CAPTURE_AUTORELEASING = YES;
				CLANG_WARN_BOOL_CONVERSION = YES;
				CLANG_WARN_COMMA = YES;
				CLANG_WARN_CONSTANT_CONVERSION = YES;
				CLANG_WARN_DEPRECATED_OBJC_IMPLEMENTATIONS = YES;
				CLANG_WARN_DIRECT_OBJC_ISA_USAGE = YES_ERROR;
				CLANG_WARN_DOCUMENTATION_COMMENTS = YES;
				CLANG_WARN_EMPTY_BODY = YES;
				CLANG_WARN_ENUM_CONVERSION = YES;
				CLANG_WARN_INFINITE_RECURSION = YES;
				CLANG_WARN_INT_CONVERSION = YES;
				CLANG_WARN_NON_LITERAL_NULL_CONVERSION = YES;
				CLANG_WARN_OBJC_IMPLICIT_RETAIN_SELF = YES;
				CLANG_WARN_OBJC_LITERAL_CONVERSION = YES;
				CLANG_WARN_OBJC_ROOT_CLASS = YES_ERROR;
				CLANG_WARN_QUOTED_INCLUDE_IN_FRAMEWORK_HEADER = YES;
				CLANG_WARN_RANGE_LOOP_ANALYSIS = YES;
				CLANG_WARN_STRICT_PROTOTYPES = YES;
				CLANG_WARN_SUSPICIOUS_MOVE = YES;
				CLANG_WARN_UNGUARDED_AVAILABILITY = YES_AGGRESSIVE;
				CLANG_WARN_UNREACHABLE_CODE = YES;
				CLANG_WARN__DUPLICATE_METHOD_MATCH = YES;
				COPY_PHASE_STRIP = NO;
				DEBUG_INFORMATION_FORMAT = "dwarf-with-dsym";
				ENABLE_NS_ASSERTIONS = NO;
				ENABLE_STRICT_OBJC_MSGSEND = YES;
				GCC_C_LANGUAGE_STANDARD = gnu11;
				GCC_NO_COMMON_BLOCKS = YES;
				GCC_WARN_64_TO_32_BIT_CONVERSION = YES;
				GCC_WARN_ABOUT_RETURN_TYPE = YES_ERROR;
				GCC_WARN_UNDECLARED_SELECTOR = YES;
				GCC_WARN_UNINITIALIZED_AUTOS = YES_AGGRESSIVE;
				GCC_WARN_UNUSED_FUNCTION = YES;
				GCC_WARN_UNUSED_VARIABLE = YES;
				IPHONEOS_DEPLOYMENT_TARGET = 11.0;
				MTL_ENABLE_DEBUG_INFO = NO;
				MTL_FAST_MATH = YES;
				SDKROOT = iphoneos;
				SWIFT_COMPILATION_MODE = wholemodule;
				SWIFT_OPTIMIZATION_LEVEL = "-O";
				VALIDATE_PRODUCT = YES;
			};
			name = Release;
		};
		EEA6BBA625E046C700EFC6C2 /* Debug */ = {
			isa = XCBuildConfiguration;
			buildSettings = {
				ASSETCATALOG_COMPILER_APPICON_NAME = AppIcon;
				ASSETCATALOG_COMPILER_GLOBAL_ACCENT_COLOR_NAME = AccentColor;
				CODE_SIGN_STYLE = Automatic;
				DEVELOPMENT_TEAM = KG8MX2KZLY;
				INFOPLIST_FILE = "$(SRCROOT)/MusicNet/Application/Info.plist";
				LD_RUNPATH_SEARCH_PATHS = (
					"$(inherited)",
					"@executable_path/Frameworks",
				);
				PRODUCT_BUNDLE_IDENTIFIER = com.genar.codina.MusicNet;
				PRODUCT_NAME = "$(TARGET_NAME)";
				SWIFT_VERSION = 5.0;
				TARGETED_DEVICE_FAMILY = "1,2";
			};
			name = Debug;
		};
		EEA6BBA725E046C700EFC6C2 /* Release */ = {
			isa = XCBuildConfiguration;
			buildSettings = {
				ASSETCATALOG_COMPILER_APPICON_NAME = AppIcon;
				ASSETCATALOG_COMPILER_GLOBAL_ACCENT_COLOR_NAME = AccentColor;
				CODE_SIGN_STYLE = Automatic;
				DEVELOPMENT_TEAM = KG8MX2KZLY;
				INFOPLIST_FILE = "$(SRCROOT)/MusicNet/Application/Info.plist";
				LD_RUNPATH_SEARCH_PATHS = (
					"$(inherited)",
					"@executable_path/Frameworks",
				);
				PRODUCT_BUNDLE_IDENTIFIER = com.genar.codina.MusicNet;
				PRODUCT_NAME = "$(TARGET_NAME)";
				SWIFT_VERSION = 5.0;
				TARGETED_DEVICE_FAMILY = "1,2";
			};
			name = Release;
		};
/* End XCBuildConfiguration section */

/* Begin XCConfigurationList section */
		EEA6BB8C25E046C600EFC6C2 /* Build configuration list for PBXProject "MusicNet" */ = {
			isa = XCConfigurationList;
			buildConfigurations = (
				EEA6BBA325E046C700EFC6C2 /* Debug */,
				EEA6BBA425E046C700EFC6C2 /* Release */,
			);
			defaultConfigurationIsVisible = 0;
			defaultConfigurationName = Release;
		};
		EEA6BBA525E046C700EFC6C2 /* Build configuration list for PBXNativeTarget "MusicNet" */ = {
			isa = XCConfigurationList;
			buildConfigurations = (
				EEA6BBA625E046C700EFC6C2 /* Debug */,
				EEA6BBA725E046C700EFC6C2 /* Release */,
			);
			defaultConfigurationIsVisible = 0;
			defaultConfigurationName = Release;
		};
/* End XCConfigurationList section */

/* Begin XCVersionGroup section */
		EEAFFF3E25E983FC00E7CCFE /* MusicNet.xcdatamodeld */ = {
			isa = XCVersionGroup;
			children = (
				EEAFFF3F25E983FC00E7CCFE /* MusicNet.xcdatamodel */,
			);
			currentVersion = EEAFFF3F25E983FC00E7CCFE /* MusicNet.xcdatamodel */;
			path = MusicNet.xcdatamodeld;
			sourceTree = "<group>";
			versionGroupType = wrapper.xcdatamodel;
		};
/* End XCVersionGroup section */
	};
	rootObject = EEA6BB8925E046C600EFC6C2 /* Project object */;
}
